// !$*UTF8*$!
{
	archiveVersion = 1;
	classes = {
	};
	objectVersion = 56;
	objects = {

/* Begin PBXBuildFile section */
		5672D8A72C96615C007315E0 /* _024_JPMC_WeatherApp.swift in Sources */ = {isa = PBXBuildFile; fileRef = 5672D8A62C96615C007315E0 /* _024_JPMC_WeatherApp.swift */; };
		5672D8A92C96615C007315E0 /* ContentView.swift in Sources */ = {isa = PBXBuildFile; fileRef = 5672D8A82C96615C007315E0 /* ContentView.swift */; };
		5672D8AB2C96615D007315E0 /* Assets.xcassets in Resources */ = {isa = PBXBuildFile; fileRef = 5672D8AA2C96615D007315E0 /* Assets.xcassets */; };
		5672D8AE2C96615D007315E0 /* Preview Assets.xcassets in Resources */ = {isa = PBXBuildFile; fileRef = 5672D8AD2C96615D007315E0 /* Preview Assets.xcassets */; };
		5672D8B02C96615D007315E0 /* Persistence.swift in Sources */ = {isa = PBXBuildFile; fileRef = 5672D8AF2C96615D007315E0 /* Persistence.swift */; };
		5672D8B32C96615D007315E0 /* _024_JPMC_Weather.xcdatamodeld in Sources */ = {isa = PBXBuildFile; fileRef = 5672D8B12C96615D007315E0 /* _024_JPMC_Weather.xcdatamodeld */; };
		5672D8BA2C966282007315E0 /* ReadMe.md in Resources */ = {isa = PBXBuildFile; fileRef = 5672D8B92C966282007315E0 /* ReadMe.md */; };
		5672D8BD2C9663C3007315E0 /* WeatherModel.swift in Sources */ = {isa = PBXBuildFile; fileRef = 5672D8BC2C9663C3007315E0 /* WeatherModel.swift */; };
		5672D8C02C96640F007315E0 /* CurrentLocation.swift in Sources */ = {isa = PBXBuildFile; fileRef = 5672D8BF2C96640F007315E0 /* CurrentLocation.swift */; };
		5672D8C32C966486007315E0 /* weatherAPI.swift in Sources */ = {isa = PBXBuildFile; fileRef = 5672D8C22C966486007315E0 /* weatherAPI.swift */; };
		5672D8C62C97825E007315E0 /* currentLocation.swift in Sources */ = {isa = PBXBuildFile; fileRef = 5672D8C52C97825E007315E0 /* currentLocation.swift */; };
		5672D8C82C9782E6007315E0 /* Main.swift in Sources */ = {isa = PBXBuildFile; fileRef = 5672D8C72C9782E6007315E0 /* Main.swift */; };
		5672D8D02C978610007315E0 /* cityAPI.swift in Sources */ = {isa = PBXBuildFile; fileRef = 5672D8CF2C978610007315E0 /* cityAPI.swift */; };
		5672D8D72C9787BB007315E0 /* CurrenLocationRequestModal.swift in Sources */ = {isa = PBXBuildFile; fileRef = 5672D8D62C9787BB007315E0 /* CurrenLocationRequestModal.swift */; };
		5672D8DC2C979C4C007315E0 /* Property List.plist in Resources */ = {isa = PBXBuildFile; fileRef = 5672D8DB2C979C4C007315E0 /* Property List.plist */; };
		5672D8E72C97E748007315E0 /* CityViewModel.swift in Sources */ = {isa = PBXBuildFile; fileRef = 5672D8E62C97E748007315E0 /* CityViewModel.swift */; };
		5672D8EA2C97E75B007315E0 /* CityView.swift in Sources */ = {isa = PBXBuildFile; fileRef = 5672D8E92C97E75B007315E0 /* CityView.swift */; };
		5672D8EC2C97EB02007315E0 /* env.swift in Sources */ = {isa = PBXBuildFile; fileRef = 5672D8EB2C97EB02007315E0 /* env.swift */; };
		5672D8EE2C97FAC7007315E0 /* WeatherSheetView.swift in Sources */ = {isa = PBXBuildFile; fileRef = 5672D8ED2C97FAC7007315E0 /* WeatherSheetView.swift */; };
		5672D8F02C97FB96007315E0 /* HistoryViewModel.swift in Sources */ = {isa = PBXBuildFile; fileRef = 5672D8EF2C97FB96007315E0 /* HistoryViewModel.swift */; };
		5672D8F22C97FBAB007315E0 /* History.swift in Sources */ = {isa = PBXBuildFile; fileRef = 5672D8F12C97FBAB007315E0 /* History.swift */; };
/* End PBXBuildFile section */

/* Begin PBXFileReference section */
		5672D8A32C96615C007315E0 /* 2024_JPMC_Weather.app */ = {isa = PBXFileReference; explicitFileType = wrapper.application; includeInIndex = 0; path = 2024_JPMC_Weather.app; sourceTree = BUILT_PRODUCTS_DIR; };
		5672D8A62C96615C007315E0 /* _024_JPMC_WeatherApp.swift */ = {isa = PBXFileReference; lastKnownFileType = sourcecode.swift; path = _024_JPMC_WeatherApp.swift; sourceTree = "<group>"; };
		5672D8A82C96615C007315E0 /* ContentView.swift */ = {isa = PBXFileReference; lastKnownFileType = sourcecode.swift; path = ContentView.swift; sourceTree = "<group>"; };
		5672D8AA2C96615D007315E0 /* Assets.xcassets */ = {isa = PBXFileReference; lastKnownFileType = folder.assetcatalog; path = Assets.xcassets; sourceTree = "<group>"; };
		5672D8AD2C96615D007315E0 /* Preview Assets.xcassets */ = {isa = PBXFileReference; lastKnownFileType = folder.assetcatalog; path = "Preview Assets.xcassets"; sourceTree = "<group>"; };
		5672D8AF2C96615D007315E0 /* Persistence.swift */ = {isa = PBXFileReference; lastKnownFileType = sourcecode.swift; path = Persistence.swift; sourceTree = "<group>"; };
		5672D8B22C96615D007315E0 /* _024_JPMC_Weather.xcdatamodel */ = {isa = PBXFileReference; lastKnownFileType = wrapper.xcdatamodel; path = _024_JPMC_Weather.xcdatamodel; sourceTree = "<group>"; };
		5672D8B92C966282007315E0 /* ReadMe.md */ = {isa = PBXFileReference; fileEncoding = 4; lastKnownFileType = net.daringfireball.markdown; path = ReadMe.md; sourceTree = "<group>"; };
		5672D8BC2C9663C3007315E0 /* WeatherModel.swift */ = {isa = PBXFileReference; lastKnownFileType = sourcecode.swift; path = WeatherModel.swift; sourceTree = "<group>"; };
		5672D8BF2C96640F007315E0 /* CurrentLocation.swift */ = {isa = PBXFileReference; lastKnownFileType = sourcecode.swift; path = CurrentLocation.swift; sourceTree = "<group>"; };
		5672D8C22C966486007315E0 /* weatherAPI.swift */ = {isa = PBXFileReference; lastKnownFileType = sourcecode.swift; path = weatherAPI.swift; sourceTree = "<group>"; };
		5672D8C42C966C4A007315E0 /* APIKeys.xcconfig */ = {isa = PBXFileReference; lastKnownFileType = text.xcconfig; path = APIKeys.xcconfig; sourceTree = "<group>"; };
		5672D8C52C97825E007315E0 /* currentLocation.swift */ = {isa = PBXFileReference; lastKnownFileType = sourcecode.swift; path = currentLocation.swift; sourceTree = "<group>"; };
		5672D8C72C9782E6007315E0 /* Main.swift */ = {isa = PBXFileReference; lastKnownFileType = sourcecode.swift; path = Main.swift; sourceTree = "<group>"; };
		5672D8CF2C978610007315E0 /* cityAPI.swift */ = {isa = PBXFileReference; lastKnownFileType = sourcecode.swift; path = cityAPI.swift; sourceTree = "<group>"; };
		5672D8D62C9787BB007315E0 /* CurrenLocationRequestModal.swift */ = {isa = PBXFileReference; lastKnownFileType = sourcecode.swift; path = CurrenLocationRequestModal.swift; sourceTree = "<group>"; };
		5672D8DB2C979C4C007315E0 /* Property List.plist */ = {isa = PBXFileReference; lastKnownFileType = text.plist.xml; path = "Property List.plist"; sourceTree = "<group>"; };
		5672D8E62C97E748007315E0 /* CityViewModel.swift */ = {isa = PBXFileReference; lastKnownFileType = sourcecode.swift; path = CityViewModel.swift; sourceTree = "<group>"; };
		5672D8E92C97E75B007315E0 /* CityView.swift */ = {isa = PBXFileReference; lastKnownFileType = sourcecode.swift; path = CityView.swift; sourceTree = "<group>"; };
		5672D8EB2C97EB02007315E0 /* env.swift */ = {isa = PBXFileReference; lastKnownFileType = sourcecode.swift; path = env.swift; sourceTree = "<group>"; };
		5672D8ED2C97FAC7007315E0 /* WeatherSheetView.swift */ = {isa = PBXFileReference; lastKnownFileType = sourcecode.swift; path = WeatherSheetView.swift; sourceTree = "<group>"; };
		5672D8EF2C97FB96007315E0 /* HistoryViewModel.swift */ = {isa = PBXFileReference; lastKnownFileType = sourcecode.swift; path = HistoryViewModel.swift; sourceTree = "<group>"; };
		5672D8F12C97FBAB007315E0 /* History.swift */ = {isa = PBXFileReference; lastKnownFileType = sourcecode.swift; path = History.swift; sourceTree = "<group>"; };
/* End PBXFileReference section */

/* Begin PBXFrameworksBuildPhase section */
		5672D8A02C96615C007315E0 /* Frameworks */ = {
			isa = PBXFrameworksBuildPhase;
			buildActionMask = 2147483647;
			files = (
			);
			runOnlyForDeploymentPostprocessing = 0;
		};
/* End PBXFrameworksBuildPhase section */

/* Begin PBXGroup section */
		5672D89A2C96615C007315E0 = {
			isa = PBXGroup;
			children = (
				5672D8DB2C979C4C007315E0 /* Property List.plist */,
				5672D8B92C966282007315E0 /* ReadMe.md */,
				5672D8A52C96615C007315E0 /* 2024_JPMC_Weather */,
				5672D8A42C96615C007315E0 /* Products */,
			);
			sourceTree = "<group>";
		};
		5672D8A42C96615C007315E0 /* Products */ = {
			isa = PBXGroup;
			children = (
				5672D8A32C96615C007315E0 /* 2024_JPMC_Weather.app */,
			);
			name = Products;
			sourceTree = "<group>";
		};
		5672D8A52C96615C007315E0 /* 2024_JPMC_Weather */ = {
			isa = PBXGroup;
			children = (
				5672D8E82C97E752007315E0 /* View */,
				5672D8C12C96644F007315E0 /* API */,
				5672D8BE2C9663EE007315E0 /* ViewModel */,
				5672D8BB2C966399007315E0 /* Model */,
				5672D8A62C96615C007315E0 /* _024_JPMC_WeatherApp.swift */,
				5672D8A82C96615C007315E0 /* ContentView.swift */,
				5672D8AA2C96615D007315E0 /* Assets.xcassets */,
				5672D8AF2C96615D007315E0 /* Persistence.swift */,
				5672D8B12C96615D007315E0 /* _024_JPMC_Weather.xcdatamodeld */,
				5672D8AC2C96615D007315E0 /* Preview Content */,
				5672D8EB2C97EB02007315E0 /* env.swift */,
			);
			path = 2024_JPMC_Weather;
			sourceTree = "<group>";
		};
		5672D8AC2C96615D007315E0 /* Preview Content */ = {
			isa = PBXGroup;
			children = (
				5672D8AD2C96615D007315E0 /* Preview Assets.xcassets */,
			);
			path = "Preview Content";
			sourceTree = "<group>";
		};
		5672D8BB2C966399007315E0 /* Model */ = {
			isa = PBXGroup;
			children = (
				5672D8BC2C9663C3007315E0 /* WeatherModel.swift */,
			);
			path = Model;
			sourceTree = "<group>";
		};
		5672D8BE2C9663EE007315E0 /* ViewModel */ = {
			isa = PBXGroup;
			children = (
				5672D8C72C9782E6007315E0 /* Main.swift */,
				5672D8BF2C96640F007315E0 /* CurrentLocation.swift */,
				5672D8D62C9787BB007315E0 /* CurrenLocationRequestModal.swift */,
				5672D8E62C97E748007315E0 /* CityViewModel.swift */,
				5672D8EF2C97FB96007315E0 /* HistoryViewModel.swift */,
			);
			path = ViewModel;
			sourceTree = "<group>";
		};
		5672D8C12C96644F007315E0 /* API */ = {
			isa = PBXGroup;
			children = (
				5672D8D52C978697007315E0 /* convert */,
				5672D8C42C966C4A007315E0 /* APIKeys.xcconfig */,
				5672D8C22C966486007315E0 /* weatherAPI.swift */,
			);
			path = API;
			sourceTree = "<group>";
		};
		5672D8D52C978697007315E0 /* convert */ = {
			isa = PBXGroup;
			children = (
				5672D8C52C97825E007315E0 /* currentLocation.swift */,
				5672D8CF2C978610007315E0 /* cityAPI.swift */,
			);
			path = convert;
			sourceTree = "<group>";
		};
		5672D8E82C97E752007315E0 /* View */ = {
			isa = PBXGroup;
			children = (
				5672D8E92C97E75B007315E0 /* CityView.swift */,
				5672D8ED2C97FAC7007315E0 /* WeatherSheetView.swift */,
				5672D8F12C97FBAB007315E0 /* History.swift */,
			);
			path = View;
			sourceTree = "<group>";
		};
/* End PBXGroup section */

/* Begin PBXNativeTarget section */
		5672D8A22C96615C007315E0 /* 2024_JPMC_Weather */ = {
			isa = PBXNativeTarget;
			buildConfigurationList = 5672D8B62C96615D007315E0 /* Build configuration list for PBXNativeTarget "2024_JPMC_Weather" */;
			buildPhases = (
				5672D89F2C96615C007315E0 /* Sources */,
				5672D8A02C96615C007315E0 /* Frameworks */,
				5672D8A12C96615C007315E0 /* Resources */,
			);
			buildRules = (
			);
			dependencies = (
			);
			name = 2024_JPMC_Weather;
			productName = 2024_JPMC_Weather;
			productReference = 5672D8A32C96615C007315E0 /* 2024_JPMC_Weather.app */;
			productType = "com.apple.product-type.application";
		};
/* End PBXNativeTarget section */

/* Begin PBXProject section */
		5672D89B2C96615C007315E0 /* Project object */ = {
			isa = PBXProject;
			attributes = {
				BuildIndependentTargetsInParallel = 1;
				LastSwiftUpdateCheck = 1520;
				LastUpgradeCheck = 1520;
				TargetAttributes = {
					5672D8A22C96615C007315E0 = {
						CreatedOnToolsVersion = 15.2;
					};
				};
			};
			buildConfigurationList = 5672D89E2C96615C007315E0 /* Build configuration list for PBXProject "2024_JPMC_Weather" */;
			compatibilityVersion = "Xcode 14.0";
			developmentRegion = en;
			hasScannedForEncodings = 0;
			knownRegions = (
				en,
				Base,
			);
			mainGroup = 5672D89A2C96615C007315E0;
			productRefGroup = 5672D8A42C96615C007315E0 /* Products */;
			projectDirPath = "";
			projectRoot = "";
			targets = (
				5672D8A22C96615C007315E0 /* 2024_JPMC_Weather */,
			);
		};
/* End PBXProject section */

/* Begin PBXResourcesBuildPhase section */
		5672D8A12C96615C007315E0 /* Resources */ = {
			isa = PBXResourcesBuildPhase;
			buildActionMask = 2147483647;
			files = (
				5672D8AE2C96615D007315E0 /* Preview Assets.xcassets in Resources */,
				5672D8AB2C96615D007315E0 /* Assets.xcassets in Resources */,
				5672D8DC2C979C4C007315E0 /* Property List.plist in Resources */,
				5672D8BA2C966282007315E0 /* ReadMe.md in Resources */,
			);
			runOnlyForDeploymentPostprocessing = 0;
		};
/* End PBXResourcesBuildPhase section */

/* Begin PBXSourcesBuildPhase section */
		5672D89F2C96615C007315E0 /* Sources */ = {
			isa = PBXSourcesBuildPhase;
			buildActionMask = 2147483647;
			files = (
				5672D8E72C97E748007315E0 /* CityViewModel.swift in Sources */,
				5672D8EE2C97FAC7007315E0 /* WeatherSheetView.swift in Sources */,
				5672D8B02C96615D007315E0 /* Persistence.swift in Sources */,
				5672D8D72C9787BB007315E0 /* CurrenLocationRequestModal.swift in Sources */,
				5672D8EC2C97EB02007315E0 /* env.swift in Sources */,
				5672D8C32C966486007315E0 /* weatherAPI.swift in Sources */,
				5672D8C82C9782E6007315E0 /* Main.swift in Sources */,
				5672D8C02C96640F007315E0 /* CurrentLocation.swift in Sources */,
				5672D8EA2C97E75B007315E0 /* CityView.swift in Sources */,
				5672D8A92C96615C007315E0 /* ContentView.swift in Sources */,
				5672D8F02C97FB96007315E0 /* HistoryViewModel.swift in Sources */,
				5672D8F22C97FBAB007315E0 /* History.swift in Sources */,
				5672D8C62C97825E007315E0 /* currentLocation.swift in Sources */,
				5672D8A72C96615C007315E0 /* _024_JPMC_WeatherApp.swift in Sources */,
				5672D8D02C978610007315E0 /* cityAPI.swift in Sources */,
				5672D8B32C96615D007315E0 /* _024_JPMC_Weather.xcdatamodeld in Sources */,
				5672D8BD2C9663C3007315E0 /* WeatherModel.swift in Sources */,
			);
			runOnlyForDeploymentPostprocessing = 0;
		};
/* End PBXSourcesBuildPhase section */

/* Begin XCBuildConfiguration section */
		5672D8B42C96615D007315E0 /* Debug */ = {
			isa = XCBuildConfiguration;
			buildSettings = {
				ALWAYS_SEARCH_USER_PATHS = NO;
				ASSETCATALOG_COMPILER_GENERATE_SWIFT_ASSET_SYMBOL_EXTENSIONS = YES;
				CLANG_ANALYZER_NONNULL = YES;
				CLANG_ANALYZER_NUMBER_OBJECT_CONVERSION = YES_AGGRESSIVE;
				CLANG_CXX_LANGUAGE_STANDARD = "gnu++20";
				CLANG_ENABLE_MODULES = YES;
				CLANG_ENABLE_OBJC_ARC = YES;
				CLANG_ENABLE_OBJC_WEAK = YES;
				CLANG_WARN_BLOCK_CAPTURE_AUTORELEASING = YES;
				CLANG_WARN_BOOL_CONVERSION = YES;
				CLANG_WARN_COMMA = YES;
				CLANG_WARN_CONSTANT_CONVERSION = YES;
				CLANG_WARN_DEPRECATED_OBJC_IMPLEMENTATIONS = YES;
				CLANG_WARN_DIRECT_OBJC_ISA_USAGE = YES_ERROR;
				CLANG_WARN_DOCUMENTATION_COMMENTS = YES;
				CLANG_WARN_EMPTY_BODY = YES;
				CLANG_WARN_ENUM_CONVERSION = YES;
				CLANG_WARN_INFINITE_RECURSION = YES;
				CLANG_WARN_INT_CONVERSION = YES;
				CLANG_WARN_NON_LITERAL_NULL_CONVERSION = YES;
				CLANG_WARN_OBJC_IMPLICIT_RETAIN_SELF = YES;
				CLANG_WARN_OBJC_LITERAL_CONVERSION = YES;
				CLANG_WARN_OBJC_ROOT_CLASS = YES_ERROR;
				CLANG_WARN_QUOTED_INCLUDE_IN_FRAMEWORK_HEADER = YES;
				CLANG_WARN_RANGE_LOOP_ANALYSIS = YES;
				CLANG_WARN_STRICT_PROTOTYPES = YES;
				CLANG_WARN_SUSPICIOUS_MOVE = YES;
				CLANG_WARN_UNGUARDED_AVAILABILITY = YES_AGGRESSIVE;
				CLANG_WARN_UNREACHABLE_CODE = YES;
				CLANG_WARN__DUPLICATE_METHOD_MATCH = YES;
				COPY_PHASE_STRIP = NO;
				DEBUG_INFORMATION_FORMAT = dwarf;
				ENABLE_STRICT_OBJC_MSGSEND = YES;
				ENABLE_TESTABILITY = YES;
				ENABLE_USER_SCRIPT_SANDBOXING = YES;
				GCC_C_LANGUAGE_STANDARD = gnu17;
				GCC_DYNAMIC_NO_PIC = NO;
				GCC_NO_COMMON_BLOCKS = YES;
				GCC_OPTIMIZATION_LEVEL = 0;
				GCC_PREPROCESSOR_DEFINITIONS = (
					"DEBUG=1",
					"$(inherited)",
				);
				GCC_WARN_64_TO_32_BIT_CONVERSION = YES;
				GCC_WARN_ABOUT_RETURN_TYPE = YES_ERROR;
				GCC_WARN_UNDECLARED_SELECTOR = YES;
				GCC_WARN_UNINITIALIZED_AUTOS = YES_AGGRESSIVE;
				GCC_WARN_UNUSED_FUNCTION = YES;
				GCC_WARN_UNUSED_VARIABLE = YES;
				IPHONEOS_DEPLOYMENT_TARGET = 17.2;
				LOCALIZATION_PREFERS_STRING_CATALOGS = YES;
				MTL_ENABLE_DEBUG_INFO = INCLUDE_SOURCE;
				MTL_FAST_MATH = YES;
				ONLY_ACTIVE_ARCH = YES;
				SDKROOT = iphoneos;
				SWIFT_ACTIVE_COMPILATION_CONDITIONS = "DEBUG $(inherited)";
				SWIFT_OPTIMIZATION_LEVEL = "-Onone";
			};
			name = Debug;
		};
		5672D8B52C96615D007315E0 /* Release */ = {
			isa = XCBuildConfiguration;
			buildSettings = {
				ALWAYS_SEARCH_USER_PATHS = NO;
				ASSETCATALOG_COMPILER_GENERATE_SWIFT_ASSET_SYMBOL_EXTENSIONS = YES;
				CLANG_ANALYZER_NONNULL = YES;
				CLANG_ANALYZER_NUMBER_OBJECT_CONVERSION = YES_AGGRESSIVE;
				CLANG_CXX_LANGUAGE_STANDARD = "gnu++20";
				CLANG_ENABLE_MODULES = YES;
				CLANG_ENABLE_OBJC_ARC = YES;
				CLANG_ENABLE_OBJC_WEAK = YES;
				CLANG_WARN_BLOCK_CAPTURE_AUTORELEASING = YES;
				CLANG_WARN_BOOL_CONVERSION = YES;
				CLANG_WARN_COMMA = YES;
				CLANG_WARN_CONSTANT_CONVERSION = YES;
				CLANG_WARN_DEPRECATED_OBJC_IMPLEMENTATIONS = YES;
				CLANG_WARN_DIRECT_OBJC_ISA_USAGE = YES_ERROR;
				CLANG_WARN_DOCUMENTATION_COMMENTS = YES;
				CLANG_WARN_EMPTY_BODY = YES;
				CLANG_WARN_ENUM_CONVERSION = YES;
				CLANG_WARN_INFINITE_RECURSION = YES;
				CLANG_WARN_INT_CONVERSION = YES;
				CLANG_WARN_NON_LITERAL_NULL_CONVERSION = YES;
				CLANG_WARN_OBJC_IMPLICIT_RETAIN_SELF = YES;
				CLANG_WARN_OBJC_LITERAL_CONVERSION = YES;
				CLANG_WARN_OBJC_ROOT_CLASS = YES_ERROR;
				CLANG_WARN_QUOTED_INCLUDE_IN_FRAMEWORK_HEADER = YES;
				CLANG_WARN_RANGE_LOOP_ANALYSIS = YES;
				CLANG_WARN_STRICT_PROTOTYPES = YES;
				CLANG_WARN_SUSPICIOUS_MOVE = YES;
				CLANG_WARN_UNGUARDED_AVAILABILITY = YES_AGGRESSIVE;
				CLANG_WARN_UNREACHABLE_CODE = YES;
				CLANG_WARN__DUPLICATE_METHOD_MATCH = YES;
				COPY_PHASE_STRIP = NO;
				DEBUG_INFORMATION_FORMAT = "dwarf-with-dsym";
				ENABLE_NS_ASSERTIONS = NO;
				ENABLE_STRICT_OBJC_MSGSEND = YES;
				ENABLE_USER_SCRIPT_SANDBOXING = YES;
				GCC_C_LANGUAGE_STANDARD = gnu17;
				GCC_NO_COMMON_BLOCKS = YES;
				GCC_WARN_64_TO_32_BIT_CONVERSION = YES;
				GCC_WARN_ABOUT_RETURN_TYPE = YES_ERROR;
				GCC_WARN_UNDECLARED_SELECTOR = YES;
				GCC_WARN_UNINITIALIZED_AUTOS = YES_AGGRESSIVE;
				GCC_WARN_UNUSED_FUNCTION = YES;
				GCC_WARN_UNUSED_VARIABLE = YES;
				IPHONEOS_DEPLOYMENT_TARGET = 17.2;
				LOCALIZATION_PREFERS_STRING_CATALOGS = YES;
				MTL_ENABLE_DEBUG_INFO = NO;
				MTL_FAST_MATH = YES;
				SDKROOT = iphoneos;
				SWIFT_COMPILATION_MODE = wholemodule;
				VALIDATE_PRODUCT = YES;
			};
			name = Release;
		};
		5672D8B72C96615D007315E0 /* Debug */ = {
			isa = XCBuildConfiguration;
			buildSettings = {
				API_KEY = "${API_KEY}";
				ASSETCATALOG_COMPILER_APPICON_NAME = AppIcon;
				ASSETCATALOG_COMPILER_GLOBAL_ACCENT_COLOR_NAME = AccentColor;
				CODE_SIGN_STYLE = Automatic;
				CURRENT_PROJECT_VERSION = 1;
				DEVELOPMENT_ASSET_PATHS = "\"2024_JPMC_Weather/Preview Content\"";
				DEVELOPMENT_TEAM = RHPLRY9X9P;
				ENABLE_PREVIEWS = YES;
				GENERATE_INFOPLIST_FILE = YES;
				INFOPLIST_KEY_UIApplicationSceneManifest_Generation = YES;
				INFOPLIST_KEY_UIApplicationSupportsIndirectInputEvents = YES;
				INFOPLIST_KEY_UILaunchScreen_Generation = YES;
				INFOPLIST_KEY_UISupportedInterfaceOrientations_iPad = "UIInterfaceOrientationPortrait UIInterfaceOrientationPortraitUpsideDown UIInterfaceOrientationLandscapeLeft UIInterfaceOrientationLandscapeRight";
				INFOPLIST_KEY_UISupportedInterfaceOrientations_iPhone = "UIInterfaceOrientationPortrait UIInterfaceOrientationLandscapeLeft UIInterfaceOrientationLandscapeRight";
				LD_RUNPATH_SEARCH_PATHS = (
					"$(inherited)",
					"@executable_path/Frameworks",
				);
				MARKETING_VERSION = 1.0;
				PRODUCT_BUNDLE_IDENTIFIER = "kessenma.-024-JPMC-Weather";
				PRODUCT_NAME = "$(TARGET_NAME)";
				SWIFT_EMIT_LOC_STRINGS = YES;
				SWIFT_VERSION = 5.0;
				TARGETED_DEVICE_FAMILY = "1,2";
			};
			name = Debug;
		};
		5672D8B82C96615D007315E0 /* Release */ = {
			isa = XCBuildConfiguration;
			buildSettings = {
				API_KEY = "${API_KEY}";
				ASSETCATALOG_COMPILER_APPICON_NAME = AppIcon;
				ASSETCATALOG_COMPILER_GLOBAL_ACCENT_COLOR_NAME = AccentColor;
				CODE_SIGN_STYLE = Automatic;
				CURRENT_PROJECT_VERSION = 1;
				DEVELOPMENT_ASSET_PATHS = "\"2024_JPMC_Weather/Preview Content\"";
				DEVELOPMENT_TEAM = RHPLRY9X9P;
				ENABLE_PREVIEWS = YES;
				GENERATE_INFOPLIST_FILE = YES;
				INFOPLIST_KEY_UIApplicationSceneManifest_Generation = YES;
				INFOPLIST_KEY_UIApplicationSupportsIndirectInputEvents = YES;
				INFOPLIST_KEY_UILaunchScreen_Generation = YES;
				INFOPLIST_KEY_UISupportedInterfaceOrientations_iPad = "UIInterfaceOrientationPortrait UIInterfaceOrientationPortraitUpsideDown UIInterfaceOrientationLandscapeLeft UIInterfaceOrientationLandscapeRight";
				INFOPLIST_KEY_UISupportedInterfaceOrientations_iPhone = "UIInterfaceOrientationPortrait UIInterfaceOrientationLandscapeLeft UIInterfaceOrientationLandscapeRight";
				LD_RUNPATH_SEARCH_PATHS = (
					"$(inherited)",
					"@executable_path/Frameworks",
				);
				MARKETING_VERSION = 1.0;
				PRODUCT_BUNDLE_IDENTIFIER = "kessenma.-024-JPMC-Weather";
				PRODUCT_NAME = "$(TARGET_NAME)";
				SWIFT_EMIT_LOC_STRINGS = YES;
				SWIFT_VERSION = 5.0;
				TARGETED_DEVICE_FAMILY = "1,2";
			};
			name = Release;
		};
/* End XCBuildConfiguration section */

/* Begin XCConfigurationList section */
		5672D89E2C96615C007315E0 /* Build configuration list for PBXProject "2024_JPMC_Weather" */ = {
			isa = XCConfigurationList;
			buildConfigurations = (
				5672D8B42C96615D007315E0 /* Debug */,
				5672D8B52C96615D007315E0 /* Release */,
			);
			defaultConfigurationIsVisible = 0;
			defaultConfigurationName = Release;
		};
		5672D8B62C96615D007315E0 /* Build configuration list for PBXNativeTarget "2024_JPMC_Weather" */ = {
			isa = XCConfigurationList;
			buildConfigurations = (
				5672D8B72C96615D007315E0 /* Debug */,
				5672D8B82C96615D007315E0 /* Release */,
			);
			defaultConfigurationIsVisible = 0;
			defaultConfigurationName = Release;
		};
/* End XCConfigurationList section */

/* Begin XCVersionGroup section */
		5672D8B12C96615D007315E0 /* _024_JPMC_Weather.xcdatamodeld */ = {
			isa = XCVersionGroup;
			children = (
				5672D8B22C96615D007315E0 /* _024_JPMC_Weather.xcdatamodel */,
			);
			currentVersion = 5672D8B22C96615D007315E0 /* _024_JPMC_Weather.xcdatamodel */;
			path = _024_JPMC_Weather.xcdatamodeld;
			sourceTree = "<group>";
			versionGroupType = wrapper.xcdatamodel;
		};
/* End XCVersionGroup section */
	};
	rootObject = 5672D89B2C96615C007315E0 /* Project object */;
}
